
Microsoft Visual Studio Solution File, Format Version 12.00
# Visual Studio 15
VisualStudioVersion = 15.0.28010.2016
MinimumVisualStudioVersion = 10.0.40219.1
Project("{FAE04EC0-301F-11D3-BF4B-00C04F79EFBC}") = "RouletteGame.System", "RouletteGame\RouletteGame.System.csproj", "{90A78D50-EAC2-49C6-A124-514C536CB9DC}"
EndProject
Project("{FAE04EC0-301F-11D3-BF4B-00C04F79EFBC}") = "RouletteGame.WPF", "RouletteGame.WPF\RouletteGame.WPF.csproj", "{CAA46373-8B33-487A-82BD-FD2722F1CBF9}"
EndProject
Global
	GlobalSection(SolutionConfigurationPlatforms) = preSolution
		Debug|Any CPU = Debug|Any CPU
		Release|Any CPU = Release|Any CPU
	EndGlobalSection
	GlobalSection(ProjectConfigurationPlatforms) = postSolution
		{90A78D50-EAC2-49C6-A124-514C536CB9DC}.Debug|Any CPU.ActiveCfg = Debug|Any CPU
		{90A78D50-EAC2-49C6-A124-514C536CB9DC}.Debug|Any CPU.Build.0 = Debug|Any CPU
		{90A78D50-EAC2-49C6-A124-514C536CB9DC}.Release|Any CPU.ActiveCfg = Release|Any CPU
		{90A78D50-EAC2-49C6-A124-514C536CB9DC}.Release|Any CPU.Build.0 = Release|Any CPU
		{CAA46373-8B33-487A-82BD-FD2722F1CBF9}.Debug|Any CPU.ActiveCfg = Debug|Any CPU
		{CAA46373-8B33-487A-82BD-FD2722F1CBF9}.Debug|Any CPU.Build.0 = Debug|Any CPU
		{CAA46373-8B33-487A-82BD-FD2722F1CBF9}.Release|Any CPU.ActiveCfg = Release|Any CPU
		{CAA46373-8B33-487A-82BD-FD2722F1CBF9}.Release|Any CPU.Build.0 = Release|Any CPU
	EndGlobalSection
	GlobalSection(SolutionProperties) = preSolution
		HideSolutionNode = FALSE
	EndGlobalSection
	GlobalSection(ExtensibilityGlobals) = postSolution
		SolutionGuid = {34D858DC-6637-4FEE-84D1-A2B57297727C}
	EndGlobalSection
EndGlobal
